
Microsoft Visual Studio Solution File, Format Version 12.00
# Visual Studio Version 17
VisualStudioVersion = 17.13.35818.85 d17.13
MinimumVisualStudioVersion = 10.0.40219.1
Project("{FAE04EC0-301F-11D3-BF4B-00C04F79EFBC}") = "Qualification Work", "Qualification Work\Qualification Work.csproj", "{6BD59B7C-52D4-4120-9F93-92A2DC3BF374}"
EndProject
Global
	GlobalSection(SolutionConfigurationPlatforms) = preSolution
		Debug|Any CPU = Debug|Any CPU
		Release|Any CPU = Release|Any CPU
	EndGlobalSection
	GlobalSection(ProjectConfigurationPlatforms) = postSolution
		{6BD59B7C-52D4-4120-9F93-92A2DC3BF374}.Debug|Any CPU.ActiveCfg = Debug|Any CPU
		{6BD59B7C-52D4-4120-9F93-92A2DC3BF374}.Debug|Any CPU.Build.0 = Debug|Any CPU
		{6BD59B7C-52D4-4120-9F93-92A2DC3BF374}.Release|Any CPU.ActiveCfg = Release|Any CPU
		{6BD59B7C-52D4-4120-9F93-92A2DC3BF374}.Release|Any CPU.Build.0 = Release|Any CPU
	EndGlobalSection
	GlobalSection(SolutionProperties) = preSolution
		HideSolutionNode = FALSE
	EndGlobalSection
	GlobalSection(ExtensibilityGlobals) = postSolution
		SolutionGuid = {D77739D0-D181-4CBA-844D-902BEB97CE39}
	EndGlobalSection
EndGlobal
